
Microsoft Visual Studio Solution File, Format Version 12.00
# Visual Studio Version 17
VisualStudioVersion = 17.8.34309.116
MinimumVisualStudioVersion = 10.0.40219.1
Project("{FAE04EC0-301F-11D3-BF4B-00C04F79EFBC}") = "Imtihon_2", "Imtihon_2\Imtihon_2.csproj", "{5439DF2A-C4BA-4D58-BF97-0D98025A78FE}"
EndProject
Project("{FAE04EC0-301F-11D3-BF4B-00C04F79EFBC}") = "Models", "Models\Models.csproj", "{7EA04C05-6D33-46B8-BFE3-963E1374D1E0}"
EndProject
Global
	GlobalSection(SolutionConfigurationPlatforms) = preSolution
		Debug|Any CPU = Debug|Any CPU
		Release|Any CPU = Release|Any CPU
	EndGlobalSection
	GlobalSection(ProjectConfigurationPlatforms) = postSolution
		{5439DF2A-C4BA-4D58-BF97-0D98025A78FE}.Debug|Any CPU.ActiveCfg = Debug|Any CPU
		{5439DF2A-C4BA-4D58-BF97-0D98025A78FE}.Debug|Any CPU.Build.0 = Debug|Any CPU
		{5439DF2A-C4BA-4D58-BF97-0D98025A78FE}.Release|Any CPU.ActiveCfg = Release|Any CPU
		{5439DF2A-C4BA-4D58-BF97-0D98025A78FE}.Release|Any CPU.Build.0 = Release|Any CPU
		{7EA04C05-6D33-46B8-BFE3-963E1374D1E0}.Debug|Any CPU.ActiveCfg = Debug|Any CPU
		{7EA04C05-6D33-46B8-BFE3-963E1374D1E0}.Debug|Any CPU.Build.0 = Debug|Any CPU
		{7EA04C05-6D33-46B8-BFE3-963E1374D1E0}.Release|Any CPU.ActiveCfg = Release|Any CPU
		{7EA04C05-6D33-46B8-BFE3-963E1374D1E0}.Release|Any CPU.Build.0 = Release|Any CPU
	EndGlobalSection
	GlobalSection(SolutionProperties) = preSolution
		HideSolutionNode = FALSE
	EndGlobalSection
	GlobalSection(ExtensibilityGlobals) = postSolution
		SolutionGuid = {1F16B251-E1A8-4D00-B4CA-0AAF05050A79}
	EndGlobalSection
EndGlobal
